
Microsoft Visual Studio Solution File, Format Version 12.00
# Visual Studio Version 16
VisualStudioVersion = 16.0.31624.102
MinimumVisualStudioVersion = 10.0.40219.1
Project("{2150E333-8FDC-42A3-9474-1A3956D46DE8}") = "01 - Domain", "01 - Domain", "{1C38F0A0-2E1B-437C-AD28-A749FF636455}"
EndProject
Project("{2150E333-8FDC-42A3-9474-1A3956D46DE8}") = "02 - Business", "02 - Business", "{7B09B8F7-72F7-41F7-9D68-ED70BD1107D4}"
EndProject
Project("{2150E333-8FDC-42A3-9474-1A3956D46DE8}") = "03 - Repository", "03 - Repository", "{BC912669-2C18-4FD6-9975-2B03C8DD05DE}"
EndProject
Project("{2150E333-8FDC-42A3-9474-1A3956D46DE8}") = "04 - API Application", "04 - API Application", "{1E5A6417-BA3D-458C-B5EC-B53BED1B58A5}"
EndProject
Project("{2150E333-8FDC-42A3-9474-1A3956D46DE8}") = "05 - Web Application", "05 - Web Application", "{5DD6BB07-AD38-422F-B0BD-DA9898E0590F}"
EndProject
Project("{2150E333-8FDC-42A3-9474-1A3956D46DE8}") = "06 - Services", "06 - Services", "{F0844304-73EF-4F24-A0C4-2FBC21B1017F}"
EndProject
Project("{2150E333-8FDC-42A3-9474-1A3956D46DE8}") = "BackOffice", "BackOffice", "{5C16BDBE-9C1B-4533-8819-270D552105D0}"
EndProject
Project("{2150E333-8FDC-42A3-9474-1A3956D46DE8}") = "WebSites", "WebSites", "{E9C517D4-B255-4FBF-B8DA-E488695B6BDE}"
EndProject
Project("{FAE04EC0-301F-11D3-BF4B-00C04F79EFBC}") = "Domain", "Domain\Domain.csproj", "{4749D4F0-6092-4EF6-A6D9-FFC69DA17FD7}"
EndProject
Project("{FAE04EC0-301F-11D3-BF4B-00C04F79EFBC}") = "Business", "Business\Business.csproj", "{2BAE96B0-E60A-4626-A4A2-9E3F9CE387F6}"
EndProject
Project("{FAE04EC0-301F-11D3-BF4B-00C04F79EFBC}") = "Repository", "Repository\Repository.csproj", "{E7847BEF-FA12-4638-9DB9-7270DC233A79}"
EndProject
Project("{FAE04EC0-301F-11D3-BF4B-00C04F79EFBC}") = "API_Application", "API_Application\API_Application.csproj", "{73A475D5-3CFD-4522-BF45-ECA5DDB9F967}"
EndProject
Project("{FAE04EC0-301F-11D3-BF4B-00C04F79EFBC}") = "BackOffice_Application", "Web_Application\BackOffice_Application.csproj", "{C76F5E54-A8D8-463F-9836-85F244361047}"
EndProject
Project("{FAE04EC0-301F-11D3-BF4B-00C04F79EFBC}") = "WebSite_Exemple", "WebSite_Exemple\WebSite_Exemple.csproj", "{3F391B61-99FE-4641-8A64-0119DD7AD766}"
EndProject
Project("{FAE04EC0-301F-11D3-BF4B-00C04F79EFBC}") = "Services", "Services\Services.csproj", "{2E08C4D4-FE64-49DD-9913-86495857DD4F}"
EndProject
Global
	GlobalSection(SolutionConfigurationPlatforms) = preSolution
		Debug|Any CPU = Debug|Any CPU
		Release|Any CPU = Release|Any CPU
	EndGlobalSection
	GlobalSection(ProjectConfigurationPlatforms) = postSolution
		{4749D4F0-6092-4EF6-A6D9-FFC69DA17FD7}.Debug|Any CPU.ActiveCfg = Debug|Any CPU
		{4749D4F0-6092-4EF6-A6D9-FFC69DA17FD7}.Debug|Any CPU.Build.0 = Debug|Any CPU
		{4749D4F0-6092-4EF6-A6D9-FFC69DA17FD7}.Release|Any CPU.ActiveCfg = Release|Any CPU
		{4749D4F0-6092-4EF6-A6D9-FFC69DA17FD7}.Release|Any CPU.Build.0 = Release|Any CPU
		{2BAE96B0-E60A-4626-A4A2-9E3F9CE387F6}.Debug|Any CPU.ActiveCfg = Debug|Any CPU
		{2BAE96B0-E60A-4626-A4A2-9E3F9CE387F6}.Debug|Any CPU.Build.0 = Debug|Any CPU
		{2BAE96B0-E60A-4626-A4A2-9E3F9CE387F6}.Release|Any CPU.ActiveCfg = Release|Any CPU
		{2BAE96B0-E60A-4626-A4A2-9E3F9CE387F6}.Release|Any CPU.Build.0 = Release|Any CPU
		{E7847BEF-FA12-4638-9DB9-7270DC233A79}.Debug|Any CPU.ActiveCfg = Debug|Any CPU
		{E7847BEF-FA12-4638-9DB9-7270DC233A79}.Debug|Any CPU.Build.0 = Debug|Any CPU
		{E7847BEF-FA12-4638-9DB9-7270DC233A79}.Release|Any CPU.ActiveCfg = Release|Any CPU
		{E7847BEF-FA12-4638-9DB9-7270DC233A79}.Release|Any CPU.Build.0 = Release|Any CPU
		{73A475D5-3CFD-4522-BF45-ECA5DDB9F967}.Debug|Any CPU.ActiveCfg = Debug|Any CPU
		{73A475D5-3CFD-4522-BF45-ECA5DDB9F967}.Debug|Any CPU.Build.0 = Debug|Any CPU
		{73A475D5-3CFD-4522-BF45-ECA5DDB9F967}.Release|Any CPU.ActiveCfg = Release|Any CPU
		{73A475D5-3CFD-4522-BF45-ECA5DDB9F967}.Release|Any CPU.Build.0 = Release|Any CPU
		{C76F5E54-A8D8-463F-9836-85F244361047}.Debug|Any CPU.ActiveCfg = Debug|Any CPU
		{C76F5E54-A8D8-463F-9836-85F244361047}.Debug|Any CPU.Build.0 = Debug|Any CPU
		{C76F5E54-A8D8-463F-9836-85F244361047}.Release|Any CPU.ActiveCfg = Release|Any CPU
		{C76F5E54-A8D8-463F-9836-85F244361047}.Release|Any CPU.Build.0 = Release|Any CPU
		{3F391B61-99FE-4641-8A64-0119DD7AD766}.Debug|Any CPU.ActiveCfg = Debug|Any CPU
		{3F391B61-99FE-4641-8A64-0119DD7AD766}.Debug|Any CPU.Build.0 = Debug|Any CPU
		{3F391B61-99FE-4641-8A64-0119DD7AD766}.Release|Any CPU.ActiveCfg = Release|Any CPU
		{3F391B61-99FE-4641-8A64-0119DD7AD766}.Release|Any CPU.Build.0 = Release|Any CPU
		{2E08C4D4-FE64-49DD-9913-86495857DD4F}.Debug|Any CPU.ActiveCfg = Debug|Any CPU
		{2E08C4D4-FE64-49DD-9913-86495857DD4F}.Debug|Any CPU.Build.0 = Debug|Any CPU
		{2E08C4D4-FE64-49DD-9913-86495857DD4F}.Release|Any CPU.ActiveCfg = Release|Any CPU
		{2E08C4D4-FE64-49DD-9913-86495857DD4F}.Release|Any CPU.Build.0 = Release|Any CPU
	EndGlobalSection
	GlobalSection(SolutionProperties) = preSolution
		HideSolutionNode = FALSE
	EndGlobalSection
	GlobalSection(NestedProjects) = preSolution
		{5C16BDBE-9C1B-4533-8819-270D552105D0} = {5DD6BB07-AD38-422F-B0BD-DA9898E0590F}
		{E9C517D4-B255-4FBF-B8DA-E488695B6BDE} = {5DD6BB07-AD38-422F-B0BD-DA9898E0590F}
		{4749D4F0-6092-4EF6-A6D9-FFC69DA17FD7} = {1C38F0A0-2E1B-437C-AD28-A749FF636455}
		{2BAE96B0-E60A-4626-A4A2-9E3F9CE387F6} = {7B09B8F7-72F7-41F7-9D68-ED70BD1107D4}
		{E7847BEF-FA12-4638-9DB9-7270DC233A79} = {BC912669-2C18-4FD6-9975-2B03C8DD05DE}
		{73A475D5-3CFD-4522-BF45-ECA5DDB9F967} = {1E5A6417-BA3D-458C-B5EC-B53BED1B58A5}
		{C76F5E54-A8D8-463F-9836-85F244361047} = {5C16BDBE-9C1B-4533-8819-270D552105D0}
		{3F391B61-99FE-4641-8A64-0119DD7AD766} = {E9C517D4-B255-4FBF-B8DA-E488695B6BDE}
		{2E08C4D4-FE64-49DD-9913-86495857DD4F} = {F0844304-73EF-4F24-A0C4-2FBC21B1017F}
	EndGlobalSection
	GlobalSection(ExtensibilityGlobals) = postSolution
		SolutionGuid = {09639D3B-9F24-4C89-80DE-C4BE47C76B88}
	EndGlobalSection
EndGlobal
